# This file was autogenerated by Stack.
# You should not edit this file by hand.
# For more information, please see the documentation at:
#   https://docs.haskellstack.org/en/stable/lock_files

packages:
- completed:
    hackage: compdata-0.12.1@sha256:bcacccfb0e44c6950c3e1d73edfcc0d3b836109b367c40a02d674f3173b3d8a9,13243
    pantry-tree:
      size: 7645
      sha256: 2dab799d3cb6d12c087cd3c61113ec2ab3c5311cf91dc9b8af67dac19c87b285
  original:
    hackage: compdata-0.12.1@sha256:bcacccfb0e44c6950c3e1d73edfcc0d3b836109b367c40a02d674f3173b3d8a9,13243
- completed:
    hackage: tree-view-0.5@sha256:85fbc67b53c1ef47f020a69051e6a29b27481698fe802cd2ed8ab0108aa69a38,1231
    pantry-tree:
      size: 215
      sha256: d9a18211606d72c340943d0a23fc119e94561f81fa4be118764c8288d259aeff
  original:
    hackage: tree-view-0.5@sha256:85fbc67b53c1ef47f020a69051e6a29b27481698fe802cd2ed8ab0108aa69a38,1231
- completed:
    name: sky-utils
    version: 0.2.0.0
    git: /Users/markus/Dev/haskell/sky-utils
    pantry-tree:
      size: 1087
      sha256: ec53488c15449c4b5094c4403dfeee1be741c1a9901b4392d76964eb9e4ae329
    commit: ee048faae3a41675ab56d90661de21f633131701
  original:
    git: /Users/markus/Dev/haskell/sky-utils
    commit: ee048faae3a41675ab56d90661de21f633131701
snapshots:
- completed:
    size: 563100
    url: https://raw.githubusercontent.com/commercialhaskell/stackage-snapshots/master/lts/17/0.yaml
    sha256: e93a85871577ea3423d5f3454b2b6bd37c2c2123c79faf511dfb64f5b49a9f8b
  original: lts-17.0
